
Microsoft Visual Studio Solution File, Format Version 12.00
# Visual Studio Version 17
VisualStudioVersion = 17.11.35312.102
MinimumVisualStudioVersion = 10.0.40219.1
Project("{FAE04EC0-301F-11D3-BF4B-00C04F79EFBC}") = "ThreadPrioritys", "ThreadPrioritys.csproj", "{F776C094-3AE7-422B-AED6-FD35AFE92BDB}"
EndProject
Global
	GlobalSection(SolutionConfigurationPlatforms) = preSolution
		Debug|Any CPU = Debug|Any CPU
		Release|Any CPU = Release|Any CPU
	EndGlobalSection
	GlobalSection(ProjectConfigurationPlatforms) = postSolution
		{F776C094-3AE7-422B-AED6-FD35AFE92BDB}.Debug|Any CPU.ActiveCfg = Debug|Any CPU
		{F776C094-3AE7-422B-AED6-FD35AFE92BDB}.Debug|Any CPU.Build.0 = Debug|Any CPU
		{F776C094-3AE7-422B-AED6-FD35AFE92BDB}.Release|Any CPU.ActiveCfg = Release|Any CPU
		{F776C094-3AE7-422B-AED6-FD35AFE92BDB}.Release|Any CPU.Build.0 = Release|Any CPU
	EndGlobalSection
	GlobalSection(SolutionProperties) = preSolution
		HideSolutionNode = FALSE
	EndGlobalSection
	GlobalSection(ExtensibilityGlobals) = postSolution
		SolutionGuid = {63F89736-F778-41DA-B504-B41113015627}
	EndGlobalSection
EndGlobal
